
Microsoft Visual Studio Solution File, Format Version 12.00
# Visual Studio Version 16
VisualStudioVersion = 16.0.30114.105
MinimumVisualStudioVersion = 10.0.40219.1
Project("{FAE04EC0-301F-11D3-BF4B-00C04F79EFBC}") = "MathOperation", "MathOperation\MathOperation.csproj", "{DBD82034-BC21-4094-91BF-C5AC2AEA364C}"
EndProject
Project("{FAE04EC0-301F-11D3-BF4B-00C04F79EFBC}") = "Animals", "Animals\Animals.csproj", "{AF318F9F-61E3-4138-8449-FC1957F2ACC0}"
EndProject
Project("{FAE04EC0-301F-11D3-BF4B-00C04F79EFBC}") = "Shapes", "Shapes\Shapes.csproj", "{B7255ECA-2B6E-4F10-863E-DF39130981D8}"
EndProject
Global
	GlobalSection(SolutionConfigurationPlatforms) = preSolution
		Debug|Any CPU = Debug|Any CPU
		Release|Any CPU = Release|Any CPU
	EndGlobalSection
	GlobalSection(ProjectConfigurationPlatforms) = postSolution
		{DBD82034-BC21-4094-91BF-C5AC2AEA364C}.Debug|Any CPU.ActiveCfg = Debug|Any CPU
		{DBD82034-BC21-4094-91BF-C5AC2AEA364C}.Debug|Any CPU.Build.0 = Debug|Any CPU
		{DBD82034-BC21-4094-91BF-C5AC2AEA364C}.Release|Any CPU.ActiveCfg = Release|Any CPU
		{DBD82034-BC21-4094-91BF-C5AC2AEA364C}.Release|Any CPU.Build.0 = Release|Any CPU
		{AF318F9F-61E3-4138-8449-FC1957F2ACC0}.Debug|Any CPU.ActiveCfg = Debug|Any CPU
		{AF318F9F-61E3-4138-8449-FC1957F2ACC0}.Debug|Any CPU.Build.0 = Debug|Any CPU
		{AF318F9F-61E3-4138-8449-FC1957F2ACC0}.Release|Any CPU.ActiveCfg = Release|Any CPU
		{AF318F9F-61E3-4138-8449-FC1957F2ACC0}.Release|Any CPU.Build.0 = Release|Any CPU
		{B7255ECA-2B6E-4F10-863E-DF39130981D8}.Debug|Any CPU.ActiveCfg = Debug|Any CPU
		{B7255ECA-2B6E-4F10-863E-DF39130981D8}.Debug|Any CPU.Build.0 = Debug|Any CPU
		{B7255ECA-2B6E-4F10-863E-DF39130981D8}.Release|Any CPU.ActiveCfg = Release|Any CPU
		{B7255ECA-2B6E-4F10-863E-DF39130981D8}.Release|Any CPU.Build.0 = Release|Any CPU
	EndGlobalSection
	GlobalSection(SolutionProperties) = preSolution
		HideSolutionNode = FALSE
	EndGlobalSection
	GlobalSection(ExtensibilityGlobals) = postSolution
		SolutionGuid = {1530C5A1-44A5-450F-A0DB-320279169ACC}
	EndGlobalSection
EndGlobal
